
Microsoft Visual Studio Solution File, Format Version 12.00
# Visual Studio Version 17
VisualStudioVersion = 17.14.36518.9 d17.14
MinimumVisualStudioVersion = 10.0.40219.1
Project("{54A90642-561A-4BB1-A94E-469ADEE60C69}") = "apspa_bakendandfrontend.client", "apspa_bakendandfrontend.client\apspa_bakendandfrontend.client.esproj", "{4F849E14-AAB9-ACE9-6A01-9CB66E6EF3BD}"
EndProject
Project("{FAE04EC0-301F-11D3-BF4B-00C04F79EFBC}") = "APSPA_BakendAndFrontend.Server", "APSPA_BakendAndFrontend.Server\APSPA_BakendAndFrontend.Server.csproj", "{D0EEFF51-D82E-4124-A8B2-F0E76A0F22A8}"
EndProject
Global
	GlobalSection(SolutionConfigurationPlatforms) = preSolution
		Debug|Any CPU = Debug|Any CPU
		Release|Any CPU = Release|Any CPU
	EndGlobalSection
	GlobalSection(ProjectConfigurationPlatforms) = postSolution
		{4F849E14-AAB9-ACE9-6A01-9CB66E6EF3BD}.Debug|Any CPU.ActiveCfg = Debug|Any CPU
		{4F849E14-AAB9-ACE9-6A01-9CB66E6EF3BD}.Debug|Any CPU.Build.0 = Debug|Any CPU
		{4F849E14-AAB9-ACE9-6A01-9CB66E6EF3BD}.Debug|Any CPU.Deploy.0 = Debug|Any CPU
		{4F849E14-AAB9-ACE9-6A01-9CB66E6EF3BD}.Release|Any CPU.ActiveCfg = Release|Any CPU
		{4F849E14-AAB9-ACE9-6A01-9CB66E6EF3BD}.Release|Any CPU.Build.0 = Release|Any CPU
		{4F849E14-AAB9-ACE9-6A01-9CB66E6EF3BD}.Release|Any CPU.Deploy.0 = Release|Any CPU
		{D0EEFF51-D82E-4124-A8B2-F0E76A0F22A8}.Debug|Any CPU.ActiveCfg = Debug|Any CPU
		{D0EEFF51-D82E-4124-A8B2-F0E76A0F22A8}.Debug|Any CPU.Build.0 = Debug|Any CPU
		{D0EEFF51-D82E-4124-A8B2-F0E76A0F22A8}.Release|Any CPU.ActiveCfg = Release|Any CPU
		{D0EEFF51-D82E-4124-A8B2-F0E76A0F22A8}.Release|Any CPU.Build.0 = Release|Any CPU
	EndGlobalSection
	GlobalSection(SolutionProperties) = preSolution
		HideSolutionNode = FALSE
	EndGlobalSection
	GlobalSection(ExtensibilityGlobals) = postSolution
		SolutionGuid = {CD15D3EF-5838-4549-B8D7-BB2B82A6F3A6}
	EndGlobalSection
EndGlobal
